// !$*UTF8*$!
{
	archiveVersion = 1;
	classes = {
	};
	objectVersion = 50;
	objects = {

/* Begin PBXBuildFile section */
		2241A3CE20DFDFAA002D38FA /* CategoryCollectionViewCell.m in Sources */ = {isa = PBXBuildFile; fileRef = 2241A3CD20DFDFAA002D38FA /* CategoryCollectionViewCell.m */; };
		2256088920E1F55200F39918 /* DetailViewController.m in Sources */ = {isa = PBXBuildFile; fileRef = 2256088820E1F55200F39918 /* DetailViewController.m */; };
		2258FC6520C3BD7000D19FDA /* AppDelegate.m in Sources */ = {isa = PBXBuildFile; fileRef = 2258FC6420C3BD7000D19FDA /* AppDelegate.m */; };
		2258FC6B20C3BD7000D19FDA /* Main.storyboard in Resources */ = {isa = PBXBuildFile; fileRef = 2258FC6920C3BD7000D19FDA /* Main.storyboard */; };
		2258FC6D20C3BD7100D19FDA /* Assets.xcassets in Resources */ = {isa = PBXBuildFile; fileRef = 2258FC6C20C3BD7100D19FDA /* Assets.xcassets */; };
		2258FC7020C3BD7100D19FDA /* LaunchScreen.storyboard in Resources */ = {isa = PBXBuildFile; fileRef = 2258FC6E20C3BD7100D19FDA /* LaunchScreen.storyboard */; };
		2258FC7320C3BD7100D19FDA /* main.m in Sources */ = {isa = PBXBuildFile; fileRef = 2258FC7220C3BD7100D19FDA /* main.m */; };
		2258FC7D20C3BD7100D19FDA /* chaipenTests.m in Sources */ = {isa = PBXBuildFile; fileRef = 2258FC7C20C3BD7100D19FDA /* chaipenTests.m */; };
		2258FC8820C3BD7100D19FDA /* chaipenUITests.m in Sources */ = {isa = PBXBuildFile; fileRef = 2258FC8720C3BD7100D19FDA /* chaipenUITests.m */; };
		2258FC9620C3BDEF00D19FDA /* GoogleService-Info.plist in Resources */ = {isa = PBXBuildFile; fileRef = 2258FC9520C3BDEF00D19FDA /* GoogleService-Info.plist */; };
		2298C1CD20D2C5FA009A1E99 /* OnboardingViewController.m in Sources */ = {isa = PBXBuildFile; fileRef = 2298C1CC20D2C5FA009A1E99 /* OnboardingViewController.m */; };
		2298C1D120D2D3FD009A1E99 /* ArticleViewController.m in Sources */ = {isa = PBXBuildFile; fileRef = 2298C1D020D2D3FD009A1E99 /* ArticleViewController.m */; };
		22B8A6D220E1296400D972CD /* ArticleTableViewCell.m in Sources */ = {isa = PBXBuildFile; fileRef = 22B8A6D120E1296400D972CD /* ArticleTableViewCell.m */; };
		22EF444520DE1B3300B033D3 /* CustomTabbarController.m in Sources */ = {isa = PBXBuildFile; fileRef = 22EF444420DE1B3300B033D3 /* CustomTabbarController.m */; };
		22EF444820DE468000B033D3 /* ToggleButton.m in Sources */ = {isa = PBXBuildFile; fileRef = 22EF444720DE468000B033D3 /* ToggleButton.m */; };
		22FD5D5420D4C7C200CE9373 /* KrungthaiFast-Italic.ttf in Resources */ = {isa = PBXBuildFile; fileRef = 22FD5D4C20D4C7C200CE9373 /* KrungthaiFast-Italic.ttf */; };
		22FD5D5520D4C7C200CE9373 /* KrungthaiFast-Bold.ttf in Resources */ = {isa = PBXBuildFile; fileRef = 22FD5D4D20D4C7C200CE9373 /* KrungthaiFast-Bold.ttf */; };
		22FD5D5620D4C7C200CE9373 /* KrungthaiFast-LightItalic.ttf in Resources */ = {isa = PBXBuildFile; fileRef = 22FD5D4E20D4C7C200CE9373 /* KrungthaiFast-LightItalic.ttf */; };
		22FD5D5720D4C7C200CE9373 /* KrungthaiFast-UltraLight.ttf in Resources */ = {isa = PBXBuildFile; fileRef = 22FD5D4F20D4C7C200CE9373 /* KrungthaiFast-UltraLight.ttf */; };
		22FD5D5820D4C7C200CE9373 /* KrungthaiFast-BoldItalic.ttf in Resources */ = {isa = PBXBuildFile; fileRef = 22FD5D5020D4C7C200CE9373 /* KrungthaiFast-BoldItalic.ttf */; };
		22FD5D5920D4C7C200CE9373 /* KrungthaiFast-Light.ttf in Resources */ = {isa = PBXBuildFile; fileRef = 22FD5D5120D4C7C200CE9373 /* KrungthaiFast-Light.ttf */; };
		22FD5D5A20D4C7C200CE9373 /* KrungthaiFast-UltraLightItalic.ttf in Resources */ = {isa = PBXBuildFile; fileRef = 22FD5D5220D4C7C200CE9373 /* KrungthaiFast-UltraLightItalic.ttf */; };
		22FD5D5B20D4C7C200CE9373 /* KrungthaiFast-Regular.ttf in Resources */ = {isa = PBXBuildFile; fileRef = 22FD5D5320D4C7C200CE9373 /* KrungthaiFast-Regular.ttf */; };
		3C22D02DA7215F2281AC0E0A /* libPods-chaipenUITests.a in Frameworks */ = {isa = PBXBuildFile; fileRef = 8AA4A7D0E44E42CB1E4583D5 /* libPods-chaipenUITests.a */; };
		67CE817B9AF7484AC7360D5B /* libPods-chaipenTests.a in Frameworks */ = {isa = PBXBuildFile; fileRef = 59D5782A7CBE3F0CC1D937DB /* libPods-chaipenTests.a */; };
		AB1AF101D6155304EA645A72 /* libPods-chaipen.a in Frameworks */ = {isa = PBXBuildFile; fileRef = DE28D91A0C428FC6F7447C7C /* libPods-chaipen.a */; };
/* End PBXBuildFile section */

/* Begin PBXContainerItemProxy section */
		2258FC7920C3BD7100D19FDA /* PBXContainerItemProxy */ = {
			isa = PBXContainerItemProxy;
			containerPortal = 2258FC5820C3BD7000D19FDA /* Project object */;
			proxyType = 1;
			remoteGlobalIDString = 2258FC5F20C3BD7000D19FDA;
			remoteInfo = chaipen;
		};
		2258FC8420C3BD7100D19FDA /* PBXContainerItemProxy */ = {
			isa = PBXContainerItemProxy;
			containerPortal = 2258FC5820C3BD7000D19FDA /* Project object */;
			proxyType = 1;
			remoteGlobalIDString = 2258FC5F20C3BD7000D19FDA;
			remoteInfo = chaipen;
		};
/* End PBXContainerItemProxy section */

/* Begin PBXFileReference section */
		10F8D37EE64DD3C686B4811A /* Pods-chaipenTests.debug.xcconfig */ = {isa = PBXFileReference; includeInIndex = 1; lastKnownFileType = text.xcconfig; name = "Pods-chaipenTests.debug.xcconfig"; path = "Pods/Target Support Files/Pods-chaipenTests/Pods-chaipenTests.debug.xcconfig"; sourceTree = "<group>"; };
		2241A3CA20DFC286002D38FA /* PrefixHeader.pch */ = {isa = PBXFileReference; lastKnownFileType = sourcecode.c.h; path = PrefixHeader.pch; sourceTree = "<group>"; };
		2241A3CC20DFDFAA002D38FA /* CategoryCollectionViewCell.h */ = {isa = PBXFileReference; lastKnownFileType = sourcecode.c.h; path = CategoryCollectionViewCell.h; sourceTree = "<group>"; };
		2241A3CD20DFDFAA002D38FA /* CategoryCollectionViewCell.m */ = {isa = PBXFileReference; lastKnownFileType = sourcecode.c.objc; path = CategoryCollectionViewCell.m; sourceTree = "<group>"; };
		2256088720E1F55200F39918 /* DetailViewController.h */ = {isa = PBXFileReference; lastKnownFileType = sourcecode.c.h; path = DetailViewController.h; sourceTree = "<group>"; };
		2256088820E1F55200F39918 /* DetailViewController.m */ = {isa = PBXFileReference; lastKnownFileType = sourcecode.c.objc; path = DetailViewController.m; sourceTree = "<group>"; };
		2258FC6020C3BD7000D19FDA /* chaipen.app */ = {isa = PBXFileReference; explicitFileType = wrapper.application; includeInIndex = 0; path = chaipen.app; sourceTree = BUILT_PRODUCTS_DIR; };
		2258FC6320C3BD7000D19FDA /* AppDelegate.h */ = {isa = PBXFileReference; lastKnownFileType = sourcecode.c.h; path = AppDelegate.h; sourceTree = "<group>"; };
		2258FC6420C3BD7000D19FDA /* AppDelegate.m */ = {isa = PBXFileReference; lastKnownFileType = sourcecode.c.objc; path = AppDelegate.m; sourceTree = "<group>"; };
		2258FC6A20C3BD7000D19FDA /* Base */ = {isa = PBXFileReference; lastKnownFileType = file.storyboard; name = Base; path = Base.lproj/Main.storyboard; sourceTree = "<group>"; };
		2258FC6C20C3BD7100D19FDA /* Assets.xcassets */ = {isa = PBXFileReference; lastKnownFileType = folder.assetcatalog; path = Assets.xcassets; sourceTree = "<group>"; };
		2258FC6F20C3BD7100D19FDA /* Base */ = {isa = PBXFileReference; lastKnownFileType = file.storyboard; name = Base; path = Base.lproj/LaunchScreen.storyboard; sourceTree = "<group>"; };
		2258FC7120C3BD7100D19FDA /* Info.plist */ = {isa = PBXFileReference; lastKnownFileType = text.plist.xml; path = Info.plist; sourceTree = "<group>"; };
		2258FC7220C3BD7100D19FDA /* main.m */ = {isa = PBXFileReference; lastKnownFileType = sourcecode.c.objc; path = main.m; sourceTree = "<group>"; };
		2258FC7820C3BD7100D19FDA /* chaipenTests.xctest */ = {isa = PBXFileReference; explicitFileType = wrapper.cfbundle; includeInIndex = 0; path = chaipenTests.xctest; sourceTree = BUILT_PRODUCTS_DIR; };
		2258FC7C20C3BD7100D19FDA /* chaipenTests.m */ = {isa = PBXFileReference; lastKnownFileType = sourcecode.c.objc; path = chaipenTests.m; sourceTree = "<group>"; };
		2258FC7E20C3BD7100D19FDA /* Info.plist */ = {isa = PBXFileReference; lastKnownFileType = text.plist.xml; path = Info.plist; sourceTree = "<group>"; };
		2258FC8320C3BD7100D19FDA /* chaipenUITests.xctest */ = {isa = PBXFileReference; explicitFileType = wrapper.cfbundle; includeInIndex = 0; path = chaipenUITests.xctest; sourceTree = BUILT_PRODUCTS_DIR; };
		2258FC8720C3BD7100D19FDA /* chaipenUITests.m */ = {isa = PBXFileReference; lastKnownFileType = sourcecode.c.objc; path = chaipenUITests.m; sourceTree = "<group>"; };
		2258FC8920C3BD7100D19FDA /* Info.plist */ = {isa = PBXFileReference; lastKnownFileType = text.plist.xml; path = Info.plist; sourceTree = "<group>"; };
		2258FC9520C3BDEF00D19FDA /* GoogleService-Info.plist */ = {isa = PBXFileReference; fileEncoding = 4; lastKnownFileType = text.plist.xml; path = "GoogleService-Info.plist"; sourceTree = "<group>"; };
		2298C1CB20D2C5FA009A1E99 /* OnboardingViewController.h */ = {isa = PBXFileReference; lastKnownFileType = sourcecode.c.h; path = OnboardingViewController.h; sourceTree = "<group>"; };
		2298C1CC20D2C5FA009A1E99 /* OnboardingViewController.m */ = {isa = PBXFileReference; lastKnownFileType = sourcecode.c.objc; path = OnboardingViewController.m; sourceTree = "<group>"; };
		2298C1CF20D2D3FD009A1E99 /* ArticleViewController.h */ = {isa = PBXFileReference; lastKnownFileType = sourcecode.c.h; path = ArticleViewController.h; sourceTree = "<group>"; };
		2298C1D020D2D3FD009A1E99 /* ArticleViewController.m */ = {isa = PBXFileReference; lastKnownFileType = sourcecode.c.objc; path = ArticleViewController.m; sourceTree = "<group>"; };
		22B8A6D020E1296400D972CD /* ArticleTableViewCell.h */ = {isa = PBXFileReference; lastKnownFileType = sourcecode.c.h; path = ArticleTableViewCell.h; sourceTree = "<group>"; };
		22B8A6D120E1296400D972CD /* ArticleTableViewCell.m */ = {isa = PBXFileReference; lastKnownFileType = sourcecode.c.objc; path = ArticleTableViewCell.m; sourceTree = "<group>"; };
		22EF444320DE1B3300B033D3 /* CustomTabbarController.h */ = {isa = PBXFileReference; lastKnownFileType = sourcecode.c.h; path = CustomTabbarController.h; sourceTree = "<group>"; };
		22EF444420DE1B3300B033D3 /* CustomTabbarController.m */ = {isa = PBXFileReference; lastKnownFileType = sourcecode.c.objc; path = CustomTabbarController.m; sourceTree = "<group>"; };
		22EF444620DE468000B033D3 /* ToggleButton.h */ = {isa = PBXFileReference; lastKnownFileType = sourcecode.c.h; path = ToggleButton.h; sourceTree = "<group>"; };
		22EF444720DE468000B033D3 /* ToggleButton.m */ = {isa = PBXFileReference; lastKnownFileType = sourcecode.c.objc; path = ToggleButton.m; sourceTree = "<group>"; };
		22FD5D4C20D4C7C200CE9373 /* KrungthaiFast-Italic.ttf */ = {isa = PBXFileReference; lastKnownFileType = file; path = "KrungthaiFast-Italic.ttf"; sourceTree = "<group>"; };
		22FD5D4D20D4C7C200CE9373 /* KrungthaiFast-Bold.ttf */ = {isa = PBXFileReference; lastKnownFileType = file; path = "KrungthaiFast-Bold.ttf"; sourceTree = "<group>"; };
		22FD5D4E20D4C7C200CE9373 /* KrungthaiFast-LightItalic.ttf */ = {isa = PBXFileReference; lastKnownFileType = file; path = "KrungthaiFast-LightItalic.ttf"; sourceTree = "<group>"; };
		22FD5D4F20D4C7C200CE9373 /* KrungthaiFast-UltraLight.ttf */ = {isa = PBXFileReference; lastKnownFileType = file; path = "KrungthaiFast-UltraLight.ttf"; sourceTree = "<group>"; };
		22FD5D5020D4C7C200CE9373 /* KrungthaiFast-BoldItalic.ttf */ = {isa = PBXFileReference; lastKnownFileType = file; path = "KrungthaiFast-BoldItalic.ttf"; sourceTree = "<group>"; };
		22FD5D5120D4C7C200CE9373 /* KrungthaiFast-Light.ttf */ = {isa = PBXFileReference; lastKnownFileType = file; path = "KrungthaiFast-Light.ttf"; sourceTree = "<group>"; };
		22FD5D5220D4C7C200CE9373 /* KrungthaiFast-UltraLightItalic.ttf */ = {isa = PBXFileReference; lastKnownFileType = file; path = "KrungthaiFast-UltraLightItalic.ttf"; sourceTree = "<group>"; };
		22FD5D5320D4C7C200CE9373 /* KrungthaiFast-Regular.ttf */ = {isa = PBXFileReference; lastKnownFileType = file; path = "KrungthaiFast-Regular.ttf"; sourceTree = "<group>"; };
		59D5782A7CBE3F0CC1D937DB /* libPods-chaipenTests.a */ = {isa = PBXFileReference; explicitFileType = archive.ar; includeInIndex = 0; path = "libPods-chaipenTests.a"; sourceTree = BUILT_PRODUCTS_DIR; };
		7E5FDE6B42F243D6C5F77FAD /* Pods-chaipenUITests.debug.xcconfig */ = {isa = PBXFileReference; includeInIndex = 1; lastKnownFileType = text.xcconfig; name = "Pods-chaipenUITests.debug.xcconfig"; path = "Pods/Target Support Files/Pods-chaipenUITests/Pods-chaipenUITests.debug.xcconfig"; sourceTree = "<group>"; };
		8588A15D022223EAC6D10A52 /* Pods-chaipenUITests.release.xcconfig */ = {isa = PBXFileReference; includeInIndex = 1; lastKnownFileType = text.xcconfig; name = "Pods-chaipenUITests.release.xcconfig"; path = "Pods/Target Support Files/Pods-chaipenUITests/Pods-chaipenUITests.release.xcconfig"; sourceTree = "<group>"; };
		85B3D27CC24B7DADBFA7F7C5 /* Pods-chaipenTests.release.xcconfig */ = {isa = PBXFileReference; includeInIndex = 1; lastKnownFileType = text.xcconfig; name = "Pods-chaipenTests.release.xcconfig"; path = "Pods/Target Support Files/Pods-chaipenTests/Pods-chaipenTests.release.xcconfig"; sourceTree = "<group>"; };
		8AA4A7D0E44E42CB1E4583D5 /* libPods-chaipenUITests.a */ = {isa = PBXFileReference; explicitFileType = archive.ar; includeInIndex = 0; path = "libPods-chaipenUITests.a"; sourceTree = BUILT_PRODUCTS_DIR; };
		9858F16F2D0727FB67F5524F /* Pods-chaipen.debug.xcconfig */ = {isa = PBXFileReference; includeInIndex = 1; lastKnownFileType = text.xcconfig; name = "Pods-chaipen.debug.xcconfig"; path = "Pods/Target Support Files/Pods-chaipen/Pods-chaipen.debug.xcconfig"; sourceTree = "<group>"; };
		DAB8CBA192ECC1207A612F28 /* Pods-chaipen.release.xcconfig */ = {isa = PBXFileReference; includeInIndex = 1; lastKnownFileType = text.xcconfig; name = "Pods-chaipen.release.xcconfig"; path = "Pods/Target Support Files/Pods-chaipen/Pods-chaipen.release.xcconfig"; sourceTree = "<group>"; };
		DE28D91A0C428FC6F7447C7C /* libPods-chaipen.a */ = {isa = PBXFileReference; explicitFileType = archive.ar; includeInIndex = 0; path = "libPods-chaipen.a"; sourceTree = BUILT_PRODUCTS_DIR; };
/* End PBXFileReference section */

/* Begin PBXFrameworksBuildPhase section */
		2258FC5D20C3BD7000D19FDA /* Frameworks */ = {
			isa = PBXFrameworksBuildPhase;
			buildActionMask = 2147483647;
			files = (
				AB1AF101D6155304EA645A72 /* libPods-chaipen.a in Frameworks */,
			);
			runOnlyForDeploymentPostprocessing = 0;
		};
		2258FC7520C3BD7100D19FDA /* Frameworks */ = {
			isa = PBXFrameworksBuildPhase;
			buildActionMask = 2147483647;
			files = (
				67CE817B9AF7484AC7360D5B /* libPods-chaipenTests.a in Frameworks */,
			);
			runOnlyForDeploymentPostprocessing = 0;
		};
		2258FC8020C3BD7100D19FDA /* Frameworks */ = {
			isa = PBXFrameworksBuildPhase;
			buildActionMask = 2147483647;
			files = (
				3C22D02DA7215F2281AC0E0A /* libPods-chaipenUITests.a in Frameworks */,
			);
			runOnlyForDeploymentPostprocessing = 0;
		};
/* End PBXFrameworksBuildPhase section */

/* Begin PBXGroup section */
		15FA1F26F30BE26C3E3765C1 /* Frameworks */ = {
			isa = PBXGroup;
			children = (
				DE28D91A0C428FC6F7447C7C /* libPods-chaipen.a */,
				59D5782A7CBE3F0CC1D937DB /* libPods-chaipenTests.a */,
				8AA4A7D0E44E42CB1E4583D5 /* libPods-chaipenUITests.a */,
			);
			name = Frameworks;
			sourceTree = "<group>";
		};
		2241A3CB20DFDF8F002D38FA /* View */ = {
			isa = PBXGroup;
			children = (
				2241A3CC20DFDFAA002D38FA /* CategoryCollectionViewCell.h */,
				2241A3CD20DFDFAA002D38FA /* CategoryCollectionViewCell.m */,
				22B8A6D020E1296400D972CD /* ArticleTableViewCell.h */,
				22B8A6D120E1296400D972CD /* ArticleTableViewCell.m */,
			);
			path = View;
			sourceTree = "<group>";
		};
		2256088620E1F52200F39918 /* ArticleDetail */ = {
			isa = PBXGroup;
			children = (
				2256088720E1F55200F39918 /* DetailViewController.h */,
				2256088820E1F55200F39918 /* DetailViewController.m */,
			);
			path = ArticleDetail;
			sourceTree = "<group>";
		};
		2258FC5720C3BD7000D19FDA = {
			isa = PBXGroup;
			children = (
				2258FC6220C3BD7000D19FDA /* chaipen */,
				2258FC7B20C3BD7100D19FDA /* chaipenTests */,
				2258FC8620C3BD7100D19FDA /* chaipenUITests */,
				2258FC6120C3BD7000D19FDA /* Products */,
				AF9B00ADF83C257F49EAE900 /* Pods */,
				15FA1F26F30BE26C3E3765C1 /* Frameworks */,
			);
			sourceTree = "<group>";
		};
		2258FC6120C3BD7000D19FDA /* Products */ = {
			isa = PBXGroup;
			children = (
				2258FC6020C3BD7000D19FDA /* chaipen.app */,
				2258FC7820C3BD7100D19FDA /* chaipenTests.xctest */,
				2258FC8320C3BD7100D19FDA /* chaipenUITests.xctest */,
			);
			name = Products;
			sourceTree = "<group>";
		};
		2258FC6220C3BD7000D19FDA /* chaipen */ = {
			isa = PBXGroup;
			children = (
				2258FC6320C3BD7000D19FDA /* AppDelegate.h */,
				2258FC6420C3BD7000D19FDA /* AppDelegate.m */,
				2298C1C920D2C5BF009A1E99 /* Model */,
				2298C1C820D2C5B8009A1E99 /* Controllers */,
				2241A3CB20DFDF8F002D38FA /* View */,
				2258FC6920C3BD7000D19FDA /* Main.storyboard */,
				2258FC6C20C3BD7100D19FDA /* Assets.xcassets */,
				2258FC6E20C3BD7100D19FDA /* LaunchScreen.storyboard */,
				2258FC7220C3BD7100D19FDA /* main.m */,
				2258FC7120C3BD7100D19FDA /* Info.plist */,
				2258FC9520C3BDEF00D19FDA /* GoogleService-Info.plist */,
				22FD5D4A20D4C72000CE9373 /* Support Files */,
			);
			path = chaipen;
			sourceTree = "<group>";
		};
		2258FC7B20C3BD7100D19FDA /* chaipenTests */ = {
			isa = PBXGroup;
			children = (
				2258FC7C20C3BD7100D19FDA /* chaipenTests.m */,
				2258FC7E20C3BD7100D19FDA /* Info.plist */,
			);
			path = chaipenTests;
			sourceTree = "<group>";
		};
		2258FC8620C3BD7100D19FDA /* chaipenUITests */ = {
			isa = PBXGroup;
			children = (
				2258FC8720C3BD7100D19FDA /* chaipenUITests.m */,
				2258FC8920C3BD7100D19FDA /* Info.plist */,
			);
			path = chaipenUITests;
			sourceTree = "<group>";
		};
		2298C1C820D2C5B8009A1E99 /* Controllers */ = {
			isa = PBXGroup;
			children = (
				22EF444220DE19E800B033D3 /* Custom */,
				2298C1CA20D2C5D3009A1E99 /* Onboarding */,
				2298C1CE20D2CCCE009A1E99 /* Article */,
				2256088620E1F52200F39918 /* ArticleDetail */,
			);
			path = Controllers;
			sourceTree = "<group>";
		};
		2298C1C920D2C5BF009A1E99 /* Model */ = {
			isa = PBXGroup;
			children = (
			);
			path = Model;
			sourceTree = "<group>";
		};
		2298C1CA20D2C5D3009A1E99 /* Onboarding */ = {
			isa = PBXGroup;
			children = (
				2298C1CB20D2C5FA009A1E99 /* OnboardingViewController.h */,
				2298C1CC20D2C5FA009A1E99 /* OnboardingViewController.m */,
			);
			path = Onboarding;
			sourceTree = "<group>";
		};
		2298C1CE20D2CCCE009A1E99 /* Article */ = {
			isa = PBXGroup;
			children = (
				2298C1CF20D2D3FD009A1E99 /* ArticleViewController.h */,
				2298C1D020D2D3FD009A1E99 /* ArticleViewController.m */,
			);
			path = Article;
			sourceTree = "<group>";
		};
		22EF444220DE19E800B033D3 /* Custom */ = {
			isa = PBXGroup;
			children = (
				22EF444320DE1B3300B033D3 /* CustomTabbarController.h */,
				22EF444420DE1B3300B033D3 /* CustomTabbarController.m */,
				22EF444620DE468000B033D3 /* ToggleButton.h */,
				22EF444720DE468000B033D3 /* ToggleButton.m */,
			);
			path = Custom;
			sourceTree = "<group>";
		};
		22FD5D4A20D4C72000CE9373 /* Support Files */ = {
			isa = PBXGroup;
			children = (
				2241A3CA20DFC286002D38FA /* PrefixHeader.pch */,
				22FD5D4B20D4C72D00CE9373 /* Fonts */,
			);
			path = "Support Files";
			sourceTree = "<group>";
		};
		22FD5D4B20D4C72D00CE9373 /* Fonts */ = {
			isa = PBXGroup;
			children = (
				22FD5D4D20D4C7C200CE9373 /* KrungthaiFast-Bold.ttf */,
				22FD5D5020D4C7C200CE9373 /* KrungthaiFast-BoldItalic.ttf */,
				22FD5D4C20D4C7C200CE9373 /* KrungthaiFast-Italic.ttf */,
				22FD5D5120D4C7C200CE9373 /* KrungthaiFast-Light.ttf */,
				22FD5D4E20D4C7C200CE9373 /* KrungthaiFast-LightItalic.ttf */,
				22FD5D5320D4C7C200CE9373 /* KrungthaiFast-Regular.ttf */,
				22FD5D4F20D4C7C200CE9373 /* KrungthaiFast-UltraLight.ttf */,
				22FD5D5220D4C7C200CE9373 /* KrungthaiFast-UltraLightItalic.ttf */,
			);
			path = Fonts;
			sourceTree = "<group>";
		};
		AF9B00ADF83C257F49EAE900 /* Pods */ = {
			isa = PBXGroup;
			children = (
				9858F16F2D0727FB67F5524F /* Pods-chaipen.debug.xcconfig */,
				DAB8CBA192ECC1207A612F28 /* Pods-chaipen.release.xcconfig */,
				10F8D37EE64DD3C686B4811A /* Pods-chaipenTests.debug.xcconfig */,
				85B3D27CC24B7DADBFA7F7C5 /* Pods-chaipenTests.release.xcconfig */,
				7E5FDE6B42F243D6C5F77FAD /* Pods-chaipenUITests.debug.xcconfig */,
				8588A15D022223EAC6D10A52 /* Pods-chaipenUITests.release.xcconfig */,
			);
			name = Pods;
			sourceTree = "<group>";
		};
/* End PBXGroup section */

/* Begin PBXNativeTarget section */
		2258FC5F20C3BD7000D19FDA /* chaipen */ = {
			isa = PBXNativeTarget;
			buildConfigurationList = 2258FC8C20C3BD7100D19FDA /* Build configuration list for PBXNativeTarget "chaipen" */;
			buildPhases = (
				4515C48AC07BDF4428D63FA4 /* [CP] Check Pods Manifest.lock */,
				2258FC5C20C3BD7000D19FDA /* Sources */,
				2258FC5D20C3BD7000D19FDA /* Frameworks */,
				2258FC5E20C3BD7000D19FDA /* Resources */,
				69C90FAC2346A222E5F383C0 /* [CP] Embed Pods Frameworks */,
				86D87709C38AE55A8290B841 /* [CP] Copy Pods Resources */,
			);
			buildRules = (
			);
			dependencies = (
			);
			name = chaipen;
			productName = chaipen;
			productReference = 2258FC6020C3BD7000D19FDA /* chaipen.app */;
			productType = "com.apple.product-type.application";
		};
		2258FC7720C3BD7100D19FDA /* chaipenTests */ = {
			isa = PBXNativeTarget;
			buildConfigurationList = 2258FC8F20C3BD7100D19FDA /* Build configuration list for PBXNativeTarget "chaipenTests" */;
			buildPhases = (
				65A10FD33573393F35D1893D /* [CP] Check Pods Manifest.lock */,
				2258FC7420C3BD7100D19FDA /* Sources */,
				2258FC7520C3BD7100D19FDA /* Frameworks */,
				2258FC7620C3BD7100D19FDA /* Resources */,
				50D9246D3532F669D4647712 /* [CP] Embed Pods Frameworks */,
				532B6D42C0C1FCF851DAD6E9 /* [CP] Copy Pods Resources */,
			);
			buildRules = (
			);
			dependencies = (
				2258FC7A20C3BD7100D19FDA /* PBXTargetDependency */,
			);
			name = chaipenTests;
			productName = chaipenTests;
			productReference = 2258FC7820C3BD7100D19FDA /* chaipenTests.xctest */;
			productType = "com.apple.product-type.bundle.unit-test";
		};
		2258FC8220C3BD7100D19FDA /* chaipenUITests */ = {
			isa = PBXNativeTarget;
			buildConfigurationList = 2258FC9220C3BD7100D19FDA /* Build configuration list for PBXNativeTarget "chaipenUITests" */;
			buildPhases = (
				3C6477143B7022197EB2E116 /* [CP] Check Pods Manifest.lock */,
				2258FC7F20C3BD7100D19FDA /* Sources */,
				2258FC8020C3BD7100D19FDA /* Frameworks */,
				2258FC8120C3BD7100D19FDA /* Resources */,
				70D4A2EC0F874EFDD8717EA4 /* [CP] Embed Pods Frameworks */,
				6C3D972608ABD552F0D68970 /* [CP] Copy Pods Resources */,
			);
			buildRules = (
			);
			dependencies = (
				2258FC8520C3BD7100D19FDA /* PBXTargetDependency */,
			);
			name = chaipenUITests;
			productName = chaipenUITests;
			productReference = 2258FC8320C3BD7100D19FDA /* chaipenUITests.xctest */;
			productType = "com.apple.product-type.bundle.ui-testing";
		};
/* End PBXNativeTarget section */

/* Begin PBXProject section */
		2258FC5820C3BD7000D19FDA /* Project object */ = {
			isa = PBXProject;
			attributes = {
				LastUpgradeCheck = 0940;
				ORGANIZATIONNAME = cjworkx;
				TargetAttributes = {
					2258FC5F20C3BD7000D19FDA = {
						CreatedOnToolsVersion = 9.4;
					};
					2258FC7720C3BD7100D19FDA = {
						CreatedOnToolsVersion = 9.4;
						TestTargetID = 2258FC5F20C3BD7000D19FDA;
					};
					2258FC8220C3BD7100D19FDA = {
						CreatedOnToolsVersion = 9.4;
						TestTargetID = 2258FC5F20C3BD7000D19FDA;
					};
				};
			};
			buildConfigurationList = 2258FC5B20C3BD7000D19FDA /* Build configuration list for PBXProject "chaipen" */;
			compatibilityVersion = "Xcode 9.3";
			developmentRegion = en;
			hasScannedForEncodings = 0;
			knownRegions = (
				en,
				Base,
			);
			mainGroup = 2258FC5720C3BD7000D19FDA;
			productRefGroup = 2258FC6120C3BD7000D19FDA /* Products */;
			projectDirPath = "";
			projectRoot = "";
			targets = (
				2258FC5F20C3BD7000D19FDA /* chaipen */,
				2258FC7720C3BD7100D19FDA /* chaipenTests */,
				2258FC8220C3BD7100D19FDA /* chaipenUITests */,
			);
		};
/* End PBXProject section */

/* Begin PBXResourcesBuildPhase section */
		2258FC5E20C3BD7000D19FDA /* Resources */ = {
			isa = PBXResourcesBuildPhase;
			buildActionMask = 2147483647;
			files = (
				22FD5D5720D4C7C200CE9373 /* KrungthaiFast-UltraLight.ttf in Resources */,
				22FD5D5420D4C7C200CE9373 /* KrungthaiFast-Italic.ttf in Resources */,
				2258FC7020C3BD7100D19FDA /* LaunchScreen.storyboard in Resources */,
				22FD5D5A20D4C7C200CE9373 /* KrungthaiFast-UltraLightItalic.ttf in Resources */,
				22FD5D5920D4C7C200CE9373 /* KrungthaiFast-Light.ttf in Resources */,
				2258FC9620C3BDEF00D19FDA /* GoogleService-Info.plist in Resources */,
				2258FC6D20C3BD7100D19FDA /* Assets.xcassets in Resources */,
				2258FC6B20C3BD7000D19FDA /* Main.storyboard in Resources */,
				22FD5D5520D4C7C200CE9373 /* KrungthaiFast-Bold.ttf in Resources */,
				22FD5D5620D4C7C200CE9373 /* KrungthaiFast-LightItalic.ttf in Resources */,
				22FD5D5820D4C7C200CE9373 /* KrungthaiFast-BoldItalic.ttf in Resources */,
				22FD5D5B20D4C7C200CE9373 /* KrungthaiFast-Regular.ttf in Resources */,
			);
			runOnlyForDeploymentPostprocessing = 0;
		};
		2258FC7620C3BD7100D19FDA /* Resources */ = {
			isa = PBXResourcesBuildPhase;
			buildActionMask = 2147483647;
			files = (
			);
			runOnlyForDeploymentPostprocessing = 0;
		};
		2258FC8120C3BD7100D19FDA /* Resources */ = {
			isa = PBXResourcesBuildPhase;
			buildActionMask = 2147483647;
			files = (
			);
			runOnlyForDeploymentPostprocessing = 0;
		};
/* End PBXResourcesBuildPhase section */

/* Begin PBXShellScriptBuildPhase section */
		3C6477143B7022197EB2E116 /* [CP] Check Pods Manifest.lock */ = {
			isa = PBXShellScriptBuildPhase;
			buildActionMask = 2147483647;
			files = (
			);
			inputPaths = (
				"${PODS_PODFILE_DIR_PATH}/Podfile.lock",
				"${PODS_ROOT}/Manifest.lock",
			);
			name = "[CP] Check Pods Manifest.lock";
			outputPaths = (
				"$(DERIVED_FILE_DIR)/Pods-chaipenUITests-checkManifestLockResult.txt",
			);
			runOnlyForDeploymentPostprocessing = 0;
			shellPath = /bin/sh;
			shellScript = "diff \"${PODS_PODFILE_DIR_PATH}/Podfile.lock\" \"${PODS_ROOT}/Manifest.lock\" > /dev/null\nif [ $? != 0 ] ; then\n    # print error to STDERR\n    echo \"error: The sandbox is not in sync with the Podfile.lock. Run 'pod install' or update your CocoaPods installation.\" >&2\n    exit 1\nfi\n# This output is used by Xcode 'outputs' to avoid re-running this script phase.\necho \"SUCCESS\" > \"${SCRIPT_OUTPUT_FILE_0}\"\n";
			showEnvVarsInLog = 0;
		};
		4515C48AC07BDF4428D63FA4 /* [CP] Check Pods Manifest.lock */ = {
			isa = PBXShellScriptBuildPhase;
			buildActionMask = 2147483647;
			files = (
			);
			inputPaths = (
				"${PODS_PODFILE_DIR_PATH}/Podfile.lock",
				"${PODS_ROOT}/Manifest.lock",
			);
			name = "[CP] Check Pods Manifest.lock";
			outputPaths = (
				"$(DERIVED_FILE_DIR)/Pods-chaipen-checkManifestLockResult.txt",
			);
			runOnlyForDeploymentPostprocessing = 0;
			shellPath = /bin/sh;
			shellScript = "diff \"${PODS_PODFILE_DIR_PATH}/Podfile.lock\" \"${PODS_ROOT}/Manifest.lock\" > /dev/null\nif [ $? != 0 ] ; then\n    # print error to STDERR\n    echo \"error: The sandbox is not in sync with the Podfile.lock. Run 'pod install' or update your CocoaPods installation.\" >&2\n    exit 1\nfi\n# This output is used by Xcode 'outputs' to avoid re-running this script phase.\necho \"SUCCESS\" > \"${SCRIPT_OUTPUT_FILE_0}\"\n";
			showEnvVarsInLog = 0;
		};
		50D9246D3532F669D4647712 /* [CP] Embed Pods Frameworks */ = {
			isa = PBXShellScriptBuildPhase;
			buildActionMask = 2147483647;
			files = (
			);
			inputPaths = (
			);
			name = "[CP] Embed Pods Frameworks";
			outputPaths = (
			);
			runOnlyForDeploymentPostprocessing = 0;
			shellPath = /bin/sh;
			shellScript = "\"${SRCROOT}/Pods/Target Support Files/Pods-chaipenTests/Pods-chaipenTests-frameworks.sh\"\n";
			showEnvVarsInLog = 0;
		};
		532B6D42C0C1FCF851DAD6E9 /* [CP] Copy Pods Resources */ = {
			isa = PBXShellScriptBuildPhase;
			buildActionMask = 2147483647;
			files = (
			);
			inputPaths = (
			);
			name = "[CP] Copy Pods Resources";
			outputPaths = (
			);
			runOnlyForDeploymentPostprocessing = 0;
			shellPath = /bin/sh;
			shellScript = "\"${SRCROOT}/Pods/Target Support Files/Pods-chaipenTests/Pods-chaipenTests-resources.sh\"\n";
			showEnvVarsInLog = 0;
		};
		65A10FD33573393F35D1893D /* [CP] Check Pods Manifest.lock */ = {
			isa = PBXShellScriptBuildPhase;
			buildActionMask = 2147483647;
			files = (
			);
			inputPaths = (
				"${PODS_PODFILE_DIR_PATH}/Podfile.lock",
				"${PODS_ROOT}/Manifest.lock",
			);
			name = "[CP] Check Pods Manifest.lock";
			outputPaths = (
				"$(DERIVED_FILE_DIR)/Pods-chaipenTests-checkManifestLockResult.txt",
			);
			runOnlyForDeploymentPostprocessing = 0;
			shellPath = /bin/sh;
			shellScript = "diff \"${PODS_PODFILE_DIR_PATH}/Podfile.lock\" \"${PODS_ROOT}/Manifest.lock\" > /dev/null\nif [ $? != 0 ] ; then\n    # print error to STDERR\n    echo \"error: The sandbox is not in sync with the Podfile.lock. Run 'pod install' or update your CocoaPods installation.\" >&2\n    exit 1\nfi\n# This output is used by Xcode 'outputs' to avoid re-running this script phase.\necho \"SUCCESS\" > \"${SCRIPT_OUTPUT_FILE_0}\"\n";
			showEnvVarsInLog = 0;
		};
		69C90FAC2346A222E5F383C0 /* [CP] Embed Pods Frameworks */ = {
			isa = PBXShellScriptBuildPhase;
			buildActionMask = 2147483647;
			files = (
			);
			inputPaths = (
			);
			name = "[CP] Embed Pods Frameworks";
			outputPaths = (
			);
			runOnlyForDeploymentPostprocessing = 0;
			shellPath = /bin/sh;
			shellScript = "\"${SRCROOT}/Pods/Target Support Files/Pods-chaipen/Pods-chaipen-frameworks.sh\"\n";
			showEnvVarsInLog = 0;
		};
		6C3D972608ABD552F0D68970 /* [CP] Copy Pods Resources */ = {
			isa = PBXShellScriptBuildPhase;
			buildActionMask = 2147483647;
			files = (
			);
			inputPaths = (
			);
			name = "[CP] Copy Pods Resources";
			outputPaths = (
			);
			runOnlyForDeploymentPostprocessing = 0;
			shellPath = /bin/sh;
			shellScript = "\"${SRCROOT}/Pods/Target Support Files/Pods-chaipenUITests/Pods-chaipenUITests-resources.sh\"\n";
			showEnvVarsInLog = 0;
		};
		70D4A2EC0F874EFDD8717EA4 /* [CP] Embed Pods Frameworks */ = {
			isa = PBXShellScriptBuildPhase;
			buildActionMask = 2147483647;
			files = (
			);
			inputPaths = (
			);
			name = "[CP] Embed Pods Frameworks";
			outputPaths = (
			);
			runOnlyForDeploymentPostprocessing = 0;
			shellPath = /bin/sh;
			shellScript = "\"${SRCROOT}/Pods/Target Support Files/Pods-chaipenUITests/Pods-chaipenUITests-frameworks.sh\"\n";
			showEnvVarsInLog = 0;
		};
		86D87709C38AE55A8290B841 /* [CP] Copy Pods Resources */ = {
			isa = PBXShellScriptBuildPhase;
			buildActionMask = 2147483647;
			files = (
			);
			inputPaths = (
				"${SRCROOT}/Pods/Target Support Files/Pods-chaipen/Pods-chaipen-resources.sh",
				"${PODS_ROOT}/SVProgressHUD/SVProgressHUD/SVProgressHUD.bundle",
				"${PODS_CONFIGURATION_BUILD_DIR}/gRPC/gRPCCertificates.bundle",
			);
			name = "[CP] Copy Pods Resources";
			outputPaths = (
				"${TARGET_BUILD_DIR}/${UNLOCALIZED_RESOURCES_FOLDER_PATH}/SVProgressHUD.bundle",
				"${TARGET_BUILD_DIR}/${UNLOCALIZED_RESOURCES_FOLDER_PATH}/gRPCCertificates.bundle",
			);
			runOnlyForDeploymentPostprocessing = 0;
			shellPath = /bin/sh;
			shellScript = "\"${SRCROOT}/Pods/Target Support Files/Pods-chaipen/Pods-chaipen-resources.sh\"\n";
			showEnvVarsInLog = 0;
		};
/* End PBXShellScriptBuildPhase section */

/* Begin PBXSourcesBuildPhase section */
		2258FC5C20C3BD7000D19FDA /* Sources */ = {
			isa = PBXSourcesBuildPhase;
			buildActionMask = 2147483647;
			files = (
				22B8A6D220E1296400D972CD /* ArticleTableViewCell.m in Sources */,
				2258FC7320C3BD7100D19FDA /* main.m in Sources */,
				2256088920E1F55200F39918 /* DetailViewController.m in Sources */,
				2298C1D120D2D3FD009A1E99 /* ArticleViewController.m in Sources */,
				2258FC6520C3BD7000D19FDA /* AppDelegate.m in Sources */,
				22EF444820DE468000B033D3 /* ToggleButton.m in Sources */,
				2241A3CE20DFDFAA002D38FA /* CategoryCollectionViewCell.m in Sources */,
				2298C1CD20D2C5FA009A1E99 /* OnboardingViewController.m in Sources */,
				22EF444520DE1B3300B033D3 /* CustomTabbarController.m in Sources */,
			);
			runOnlyForDeploymentPostprocessing = 0;
		};
		2258FC7420C3BD7100D19FDA /* Sources */ = {
			isa = PBXSourcesBuildPhase;
			buildActionMask = 2147483647;
			files = (
				2258FC7D20C3BD7100D19FDA /* chaipenTests.m in Sources */,
			);
			runOnlyForDeploymentPostprocessing = 0;
		};
		2258FC7F20C3BD7100D19FDA /* Sources */ = {
			isa = PBXSourcesBuildPhase;
			buildActionMask = 2147483647;
			files = (
				2258FC8820C3BD7100D19FDA /* chaipenUITests.m in Sources */,
			);
			runOnlyForDeploymentPostprocessing = 0;
		};
/* End PBXSourcesBuildPhase section */

/* Begin PBXTargetDependency section */
		2258FC7A20C3BD7100D19FDA /* PBXTargetDependency */ = {
			isa = PBXTargetDependency;
			target = 2258FC5F20C3BD7000D19FDA /* chaipen */;
			targetProxy = 2258FC7920C3BD7100D19FDA /* PBXContainerItemProxy */;
		};
		2258FC8520C3BD7100D19FDA /* PBXTargetDependency */ = {
			isa = PBXTargetDependency;
			target = 2258FC5F20C3BD7000D19FDA /* chaipen */;
			targetProxy = 2258FC8420C3BD7100D19FDA /* PBXContainerItemProxy */;
		};
/* End PBXTargetDependency section */

/* Begin PBXVariantGroup section */
		2258FC6920C3BD7000D19FDA /* Main.storyboard */ = {
			isa = PBXVariantGroup;
			children = (
				2258FC6A20C3BD7000D19FDA /* Base */,
			);
			name = Main.storyboard;
			sourceTree = "<group>";
		};
		2258FC6E20C3BD7100D19FDA /* LaunchScreen.storyboard */ = {
			isa = PBXVariantGroup;
			children = (
				2258FC6F20C3BD7100D19FDA /* Base */,
			);
			name = LaunchScreen.storyboard;
			sourceTree = "<group>";
		};
/* End PBXVariantGroup section */

/* Begin XCBuildConfiguration section */
		2258FC8A20C3BD7100D19FDA /* Debug */ = {
			isa = XCBuildConfiguration;
			buildSettings = {
				ALWAYS_SEARCH_USER_PATHS = NO;
				CLANG_ANALYZER_NONNULL = YES;
				CLANG_ANALYZER_NUMBER_OBJECT_CONVERSION = YES_AGGRESSIVE;
				CLANG_CXX_LANGUAGE_STANDARD = "gnu++14";
				CLANG_CXX_LIBRARY = "libc++";
				CLANG_ENABLE_MODULES = YES;
				CLANG_ENABLE_OBJC_ARC = YES;
				CLANG_ENABLE_OBJC_WEAK = YES;
				CLANG_WARN_BLOCK_CAPTURE_AUTORELEASING = YES;
				CLANG_WARN_BOOL_CONVERSION = YES;
				CLANG_WARN_COMMA = YES;
				CLANG_WARN_CONSTANT_CONVERSION = YES;
				CLANG_WARN_DEPRECATED_OBJC_IMPLEMENTATIONS = YES;
				CLANG_WARN_DIRECT_OBJC_ISA_USAGE = YES_ERROR;
				CLANG_WARN_DOCUMENTATION_COMMENTS = YES;
				CLANG_WARN_EMPTY_BODY = YES;
				CLANG_WARN_ENUM_CONVERSION = YES;
				CLANG_WARN_INFINITE_RECURSION = YES;
				CLANG_WARN_INT_CONVERSION = YES;
				CLANG_WARN_NON_LITERAL_NULL_CONVERSION = YES;
				CLANG_WARN_OBJC_IMPLICIT_RETAIN_SELF = YES;
				CLANG_WARN_OBJC_LITERAL_CONVERSION = YES;
				CLANG_WARN_OBJC_ROOT_CLASS = YES_ERROR;
				CLANG_WARN_RANGE_LOOP_ANALYSIS = YES;
				CLANG_WARN_STRICT_PROTOTYPES = YES;
				CLANG_WARN_SUSPICIOUS_MOVE = YES;
				CLANG_WARN_UNGUARDED_AVAILABILITY = YES_AGGRESSIVE;
				CLANG_WARN_UNREACHABLE_CODE = YES;
				CLANG_WARN__DUPLICATE_METHOD_MATCH = YES;
				CODE_SIGN_IDENTITY = "iPhone Developer";
				COPY_PHASE_STRIP = NO;
				DEBUG_INFORMATION_FORMAT = dwarf;
				ENABLE_STRICT_OBJC_MSGSEND = YES;
				ENABLE_TESTABILITY = YES;
				GCC_C_LANGUAGE_STANDARD = gnu11;
				GCC_DYNAMIC_NO_PIC = NO;
				GCC_NO_COMMON_BLOCKS = YES;
				GCC_OPTIMIZATION_LEVEL = 0;
				GCC_PREPROCESSOR_DEFINITIONS = (
					"DEBUG=1",
					"$(inherited)",
				);
				GCC_WARN_64_TO_32_BIT_CONVERSION = YES;
				GCC_WARN_ABOUT_RETURN_TYPE = YES_ERROR;
				GCC_WARN_UNDECLARED_SELECTOR = YES;
				GCC_WARN_UNINITIALIZED_AUTOS = YES_AGGRESSIVE;
				GCC_WARN_UNUSED_FUNCTION = YES;
				GCC_WARN_UNUSED_VARIABLE = YES;
				IPHONEOS_DEPLOYMENT_TARGET = 11.4;
				MTL_ENABLE_DEBUG_INFO = YES;
				ONLY_ACTIVE_ARCH = YES;
				SDKROOT = iphoneos;
			};
			name = Debug;
		};
		2258FC8B20C3BD7100D19FDA /* Release */ = {
			isa = XCBuildConfiguration;
			buildSettings = {
				ALWAYS_SEARCH_USER_PATHS = NO;
				CLANG_ANALYZER_NONNULL = YES;
				CLANG_ANALYZER_NUMBER_OBJECT_CONVERSION = YES_AGGRESSIVE;
				CLANG_CXX_LANGUAGE_STANDARD = "gnu++14";
				CLANG_CXX_LIBRARY = "libc++";
				CLANG_ENABLE_MODULES = YES;
				CLANG_ENABLE_OBJC_ARC = YES;
				CLANG_ENABLE_OBJC_WEAK = YES;
				CLANG_WARN_BLOCK_CAPTURE_AUTORELEASING = YES;
				CLANG_WARN_BOOL_CONVERSION = YES;
				CLANG_WARN_COMMA = YES;
				CLANG_WARN_CONSTANT_CONVERSION = YES;
				CLANG_WARN_DEPRECATED_OBJC_IMPLEMENTATIONS = YES;
				CLANG_WARN_DIRECT_OBJC_ISA_USAGE = YES_ERROR;
				CLANG_WARN_DOCUMENTATION_COMMENTS = YES;
				CLANG_WARN_EMPTY_BODY = YES;
				CLANG_WARN_ENUM_CONVERSION = YES;
				CLANG_WARN_INFINITE_RECURSION = YES;
				CLANG_WARN_INT_CONVERSION = YES;
				CLANG_WARN_NON_LITERAL_NULL_CONVERSION = YES;
				CLANG_WARN_OBJC_IMPLICIT_RETAIN_SELF = YES;
				CLANG_WARN_OBJC_LITERAL_CONVERSION = YES;
				CLANG_WARN_OBJC_ROOT_CLASS = YES_ERROR;
				CLANG_WARN_RANGE_LOOP_ANALYSIS = YES;
				CLANG_WARN_STRICT_PROTOTYPES = YES;
				CLANG_WARN_SUSPICIOUS_MOVE = YES;
				CLANG_WARN_UNGUARDED_AVAILABILITY = YES_AGGRESSIVE;
				CLANG_WARN_UNREACHABLE_CODE = YES;
				CLANG_WARN__DUPLICATE_METHOD_MATCH = YES;
				CODE_SIGN_IDENTITY = "iPhone Developer";
				COPY_PHASE_STRIP = NO;
				DEBUG_INFORMATION_FORMAT = "dwarf-with-dsym";
				ENABLE_NS_ASSERTIONS = NO;
				ENABLE_STRICT_OBJC_MSGSEND = YES;
				GCC_C_LANGUAGE_STANDARD = gnu11;
				GCC_NO_COMMON_BLOCKS = YES;
				GCC_WARN_64_TO_32_BIT_CONVERSION = YES;
				GCC_WARN_ABOUT_RETURN_TYPE = YES_ERROR;
				GCC_WARN_UNDECLARED_SELECTOR = YES;
				GCC_WARN_UNINITIALIZED_AUTOS = YES_AGGRESSIVE;
				GCC_WARN_UNUSED_FUNCTION = YES;
				GCC_WARN_UNUSED_VARIABLE = YES;
				IPHONEOS_DEPLOYMENT_TARGET = 11.4;
				MTL_ENABLE_DEBUG_INFO = NO;
				SDKROOT = iphoneos;
				VALIDATE_PRODUCT = YES;
			};
			name = Release;
		};
		2258FC8D20C3BD7100D19FDA /* Debug */ = {
			isa = XCBuildConfiguration;
			baseConfigurationReference = 9858F16F2D0727FB67F5524F /* Pods-chaipen.debug.xcconfig */;
			buildSettings = {
				ASSETCATALOG_COMPILER_APPICON_NAME = AppIcon;
				CODE_SIGN_STYLE = Automatic;
				DEVELOPMENT_TEAM = 723XZA35JD;
				GCC_PRECOMPILE_PREFIX_HEADER = YES;
				GCC_PREFIX_HEADER = "chaipen/Support Files/PrefixHeader.pch";
				INFOPLIST_FILE = chaipen/Info.plist;
				LD_RUNPATH_SEARCH_PATHS = (
					"$(inherited)",
					"@executable_path/Frameworks",
				);
				PRODUCT_BUNDLE_IDENTIFIER = com.cjworkx.chaipen;
				PRODUCT_NAME = "$(TARGET_NAME)";
				TARGETED_DEVICE_FAMILY = "1,2";
			};
			name = Debug;
		};
		2258FC8E20C3BD7100D19FDA /* Release */ = {
			isa = XCBuildConfiguration;
			baseConfigurationReference = DAB8CBA192ECC1207A612F28 /* Pods-chaipen.release.xcconfig */;
			buildSettings = {
				ASSETCATALOG_COMPILER_APPICON_NAME = AppIcon;
				CODE_SIGN_STYLE = Automatic;
				DEVELOPMENT_TEAM = 723XZA35JD;
				GCC_PRECOMPILE_PREFIX_HEADER = YES;
				GCC_PREFIX_HEADER = "chaipen/Support Files/PrefixHeader.pch";
				INFOPLIST_FILE = chaipen/Info.plist;
				LD_RUNPATH_SEARCH_PATHS = (
					"$(inherited)",
					"@executable_path/Frameworks",
				);
				PRODUCT_BUNDLE_IDENTIFIER = com.cjworkx.chaipen;
				PRODUCT_NAME = "$(TARGET_NAME)";
				TARGETED_DEVICE_FAMILY = "1,2";
			};
			name = Release;
		};
		2258FC9020C3BD7100D19FDA /* Debug */ = {
			isa = XCBuildConfiguration;
			baseConfigurationReference = 10F8D37EE64DD3C686B4811A /* Pods-chaipenTests.debug.xcconfig */;
			buildSettings = {
				BUNDLE_LOADER = "$(TEST_HOST)";
				CODE_SIGN_STYLE = Automatic;
				INFOPLIST_FILE = chaipenTests/Info.plist;
				LD_RUNPATH_SEARCH_PATHS = (
					"$(inherited)",
					"@executable_path/Frameworks",
					"@loader_path/Frameworks",
				);
				PRODUCT_BUNDLE_IDENTIFIER = com.cjworkx.chaipenTests;
				PRODUCT_NAME = "$(TARGET_NAME)";
				TARGETED_DEVICE_FAMILY = "1,2";
				TEST_HOST = "$(BUILT_PRODUCTS_DIR)/chaipen.app/chaipen";
			};
			name = Debug;
		};
		2258FC9120C3BD7100D19FDA /* Release */ = {
			isa = XCBuildConfiguration;
			baseConfigurationReference = 85B3D27CC24B7DADBFA7F7C5 /* Pods-chaipenTests.release.xcconfig */;
			buildSettings = {
				BUNDLE_LOADER = "$(TEST_HOST)";
				CODE_SIGN_STYLE = Automatic;
				INFOPLIST_FILE = chaipenTests/Info.plist;
				LD_RUNPATH_SEARCH_PATHS = (
					"$(inherited)",
					"@executable_path/Frameworks",
					"@loader_path/Frameworks",
				);
				PRODUCT_BUNDLE_IDENTIFIER = com.cjworkx.chaipenTests;
				PRODUCT_NAME = "$(TARGET_NAME)";
				TARGETED_DEVICE_FAMILY = "1,2";
				TEST_HOST = "$(BUILT_PRODUCTS_DIR)/chaipen.app/chaipen";
			};
			name = Release;
		};
		2258FC9320C3BD7100D19FDA /* Debug */ = {
			isa = XCBuildConfiguration;
			baseConfigurationReference = 7E5FDE6B42F243D6C5F77FAD /* Pods-chaipenUITests.debug.xcconfig */;
			buildSettings = {
				CODE_SIGN_STYLE = Automatic;
				INFOPLIST_FILE = chaipenUITests/Info.plist;
				LD_RUNPATH_SEARCH_PATHS = (
					"$(inherited)",
					"@executable_path/Frameworks",
					"@loader_path/Frameworks",
				);
				PRODUCT_BUNDLE_IDENTIFIER = com.cjworkx.chaipenUITests;
				PRODUCT_NAME = "$(TARGET_NAME)";
				TARGETED_DEVICE_FAMILY = "1,2";
				TEST_TARGET_NAME = chaipen;
			};
			name = Debug;
		};
		2258FC9420C3BD7100D19FDA /* Release */ = {
			isa = XCBuildConfiguration;
			baseConfigurationReference = 8588A15D022223EAC6D10A52 /* Pods-chaipenUITests.release.xcconfig */;
			buildSettings = {
				CODE_SIGN_STYLE = Automatic;
				INFOPLIST_FILE = chaipenUITests/Info.plist;
				LD_RUNPATH_SEARCH_PATHS = (
					"$(inherited)",
					"@executable_path/Frameworks",
					"@loader_path/Frameworks",
				);
				PRODUCT_BUNDLE_IDENTIFIER = com.cjworkx.chaipenUITests;
				PRODUCT_NAME = "$(TARGET_NAME)";
				TARGETED_DEVICE_FAMILY = "1,2";
				TEST_TARGET_NAME = chaipen;
			};
			name = Release;
		};
/* End XCBuildConfiguration section */

/* Begin XCConfigurationList section */
		2258FC5B20C3BD7000D19FDA /* Build configuration list for PBXProject "chaipen" */ = {
			isa = XCConfigurationList;
			buildConfigurations = (
				2258FC8A20C3BD7100D19FDA /* Debug */,
				2258FC8B20C3BD7100D19FDA /* Release */,
			);
			defaultConfigurationIsVisible = 0;
			defaultConfigurationName = Release;
		};
		2258FC8C20C3BD7100D19FDA /* Build configuration list for PBXNativeTarget "chaipen" */ = {
			isa = XCConfigurationList;
			buildConfigurations = (
				2258FC8D20C3BD7100D19FDA /* Debug */,
				2258FC8E20C3BD7100D19FDA /* Release */,
			);
			defaultConfigurationIsVisible = 0;
			defaultConfigurationName = Release;
		};
		2258FC8F20C3BD7100D19FDA /* Build configuration list for PBXNativeTarget "chaipenTests" */ = {
			isa = XCConfigurationList;
			buildConfigurations = (
				2258FC9020C3BD7100D19FDA /* Debug */,
				2258FC9120C3BD7100D19FDA /* Release */,
			);
			defaultConfigurationIsVisible = 0;
			defaultConfigurationName = Release;
		};
		2258FC9220C3BD7100D19FDA /* Build configuration list for PBXNativeTarget "chaipenUITests" */ = {
			isa = XCConfigurationList;
			buildConfigurations = (
				2258FC9320C3BD7100D19FDA /* Debug */,
				2258FC9420C3BD7100D19FDA /* Release */,
			);
			defaultConfigurationIsVisible = 0;
			defaultConfigurationName = Release;
		};
/* End XCConfigurationList section */
	};
	rootObject = 2258FC5820C3BD7000D19FDA /* Project object */;
}
